# THIS IS AN AUTOGENERATED FILE. DO NOT EDIT THIS FILE DIRECTLY.
# yarn lockfile v1


bluebird@^3.5.1:
  version "3.7.2"
  resolved "https://registry.npm.taobao.org/bluebird/download/bluebird-3.7.2.tgz#9f229c15be272454ffa973ace0dbee79a1b0c36f"
  integrity sha1-nyKcFb4nJFT/qXOs4NvueaGww28=

csvtojson@^2.0.10:
  version "2.0.10"
  resolved "https://registry.nlark.com/csvtojson/download/csvtojson-2.0.10.tgz#11e7242cc630da54efce7958a45f443210357574"
  integrity sha1-EeckLMYw2lTvznlYpF9EMhA1dXQ=
  dependencies:
    bluebird "^3.5.1"
    lodash "^4.17.3"
    strip-bom "^2.0.0"

duplexer@^0.1.1, duplexer@~0.1.1:
  version "0.1.2"
  resolved "https://registry.nlark.com/duplexer/download/duplexer-0.1.2.tgz#3abe43aef3835f8ae077d136ddce0f276b0400e6"
  integrity sha1-Or5DrvODX4rgd9E23c4PJ2sEAOY=

event-stream@^4.0.1:
  version "4.0.1"
  resolved "https://registry.npm.taobao.org/event-stream/download/event-stream-4.0.1.tgz#4092808ec995d0dd75ea4580c1df6a74db2cde65"
  integrity sha1-QJKAjsmV0N116kWAwd9qdNss3mU=
  dependencies:
    duplexer "^0.1.1"
    from "^0.1.7"
    map-stream "0.0.7"
    pause-stream "^0.0.11"
    split "^1.0.1"
    stream-combiner "^0.2.2"
    through "^2.3.8"

from@^0.1.7:
  version "0.1.7"
  resolved "https://registry.npmmirror.com/from/download/from-0.1.7.tgz#83c60afc58b9c56997007ed1a768b3ab303a44fe"
  integrity sha512-twe20eF1OxVxp/ML/kq2p1uc6KvFK/+vs8WjEbeKmV2He22MKm7YF2ANIt+EOqhJ5L3K/SuuPhk0hWQDjOM23g==

is-utf8@^0.2.0:
  version "0.2.1"
  resolved "https://registry.npm.taobao.org/is-utf8/download/is-utf8-0.2.1.tgz#4b0da1442104d1b336340e80797e865cf39f7d72"
  integrity sha1-Sw2hRCEE0bM2NA6AeX6GXPOffXI=

lodash@^4.17.3:
  version "4.17.21"
  resolved "https://registry.npmmirror.com/lodash/download/lodash-4.17.21.tgz#679591c564c3bffaae8454cf0b3df370c3d6911c"
  integrity sha512-v2kDEe57lecTulaDIuNTPy3Ry4gLGJ6Z1O3vE1krgXZNrsQ+LFTGHVxVjcXPs17LhbZVGedAJv8XZ1tvj5FvSg==

map-stream@0.0.7:
  version "0.0.7"
  resolved "https://registry.npm.taobao.org/map-stream/download/map-stream-0.0.7.tgz#8a1f07896d82b10926bd3744a2420009f88974a8"
  integrity sha1-ih8HiW2CsQkmvTdEokIACfiJdKg=

minimist@^1.2.5:
  version "1.2.5"
  resolved "https://registry.nlark.com/minimist/download/minimist-1.2.5.tgz#67d66014b66a6a8aaa0c083c5fd58df4e4e97602"
  integrity sha1-Z9ZgFLZqaoqqDAg8X9WN9OTpdgI=

mkdirp@~0.5.0:
  version "0.5.5"
  resolved "https://registry.npmmirror.com/mkdirp/download/mkdirp-0.5.5.tgz#d91cefd62d1436ca0f41620e251288d420099def"
  integrity sha1-2Rzv1i0UNsoPQWIOJRKI1CAJne8=
  dependencies:
    minimist "^1.2.5"

pause-stream@^0.0.11:
  version "0.0.11"
  resolved "https://registry.npm.taobao.org/pause-stream/download/pause-stream-0.0.11.tgz#fe5a34b0cbce12b5aa6a2b403ee2e73b602f1445"
  integrity sha1-/lo0sMvOErWqaitAPuLnO2AvFEU=
  dependencies:
    through "~2.3"

plotly@^1.0.6:
  version "1.0.6"
  resolved "https://registry.npmmirror.com/plotly/download/plotly-1.0.6.tgz#b2672c3df88333625bdf684982d0e3f6521d7aaa"
  integrity sha1-smcsPfiDM2Jb32hJgtDj9lIdeqo=
  dependencies:
    mkdirp "~0.5.0"

split@^1.0.1:
  version "1.0.1"
  resolved "https://registry.nlark.com/split/download/split-1.0.1.tgz#605bd9be303aa59fb35f9229fbea0ddec9ea07d9"
  integrity sha1-YFvZvjA6pZ+zX5Ip++oN3snqB9k=
  dependencies:
    through "2"

stream-combiner@^0.2.2:
  version "0.2.2"
  resolved "https://registry.npm.taobao.org/stream-combiner/download/stream-combiner-0.2.2.tgz#aec8cbac177b56b6f4fa479ced8c1912cee52858"
  integrity sha1-rsjLrBd7Vrb0+kec7YwZEs7lKFg=
  dependencies:
    duplexer "~0.1.1"
    through "~2.3.4"

strip-bom@^2.0.0:
  version "2.0.0"
  resolved "https://registry.npm.taobao.org/strip-bom/download/strip-bom-2.0.0.tgz?cache=0&sync_timestamp=1618599642133&other_urls=https%3A%2F%2Fregistry.npm.taobao.org%2Fstrip-bom%2Fdownload%2Fstrip-bom-2.0.0.tgz#6219a85616520491f35788bdbf1447a99c7e6b0e"
  integrity sha1-YhmoVhZSBJHzV4i9vxRHqZx+aw4=
  dependencies:
    is-utf8 "^0.2.0"

through@2, through@^2.3.8, through@~2.3, through@~2.3.4:
  version "2.3.8"
  resolved "https://registry.nlark.com/through/download/through-2.3.8.tgz#0dd4c9ffaabc357960b1b724115d7e0e86a2e1f5"
  integrity sha1-DdTJ/6q8NXlgsbckEV1+Doai4fU=
